// !$*UTF8*$!
{
	archiveVersion = 1;
	classes = {
	};
	objectVersion = 46;
	objects = {

/* Begin PBXBuildFile section */
		2EB5D38D172BA7A600259CB5 /* Foundation.framework in Frameworks */ = {isa = PBXBuildFile; fileRef = 2EB5D38C172BA7A600259CB5 /* Foundation.framework */; };
		2EB5D392172BA7A600259CB5 /* SvGifView.h in CopyFiles */ = {isa = PBXBuildFile; fileRef = 2EB5D391172BA7A600259CB5 /* SvGifView.h */; };
		2EB5D394172BA7A600259CB5 /* SvGifView.m in Sources */ = {isa = PBXBuildFile; fileRef = 2EB5D393172BA7A600259CB5 /* SvGifView.m */; settings = {COMPILER_FLAGS = "-fobjc-arc"; }; };
/* End PBXBuildFile section */

/* Begin PBXCopyFilesBuildPhase section */
		2EB5D387172BA7A600259CB5 /* CopyFiles */ = {
			isa = PBXCopyFilesBuildPhase;
			buildActionMask = 2147483647;
			dstPath = "include/${PRODUCT_NAME}";
			dstSubfolderSpec = 16;
			files = (
				2EB5D392172BA7A600259CB5 /* SvGifView.h in CopyFiles */,
			);
			runOnlyForDeploymentPostprocessing = 0;
		};
/* End PBXCopyFilesBuildPhase section */

/* Begin PBXFileReference section */
		2EB5D389172BA7A600259CB5 /* libSvGifView.a */ = {isa = PBXFileReference; explicitFileType = archive.ar; includeInIndex = 0; path = libSvGifView.a; sourceTree = BUILT_PRODUCTS_DIR; };
		2EB5D38C172BA7A600259CB5 /* Foundation.framework */ = {isa = PBXFileReference; lastKnownFileType = wrapper.framework; name = Foundation.framework; path = System/Library/Frameworks/Foundation.framework; sourceTree = SDKROOT; };
		2EB5D390172BA7A600259CB5 /* SvGifView-Prefix.pch */ = {isa = PBXFileReference; lastKnownFileType = sourcecode.c.h; path = "SvGifView-Prefix.pch"; sourceTree = "<group>"; };
		2EB5D391172BA7A600259CB5 /* SvGifView.h */ = {isa = PBXFileReference; lastKnownFileType = sourcecode.c.h; path = SvGifView.h; sourceTree = "<group>"; };
		2EB5D393172BA7A600259CB5 /* SvGifView.m */ = {isa = PBXFileReference; lastKnownFileType = sourcecode.c.objc; path = SvGifView.m; sourceTree = "<group>"; };
/* End PBXFileReference section */

/* Begin PBXFrameworksBuildPhase section */
		2EB5D386172BA7A600259CB5 /* Frameworks */ = {
			isa = PBXFrameworksBuildPhase;
			buildActionMask = 2147483647;
			files = (
				2EB5D38D172BA7A600259CB5 /* Foundation.framework in Frameworks */,
			);
			runOnlyForDeploymentPostprocessing = 0;
		};
/* End PBXFrameworksBuildPhase section */

/* Begin PBXGroup section */
		2EB5D37E172BA7A600259CB5 = {
			isa = PBXGroup;
			children = (
				2EB5D38E172BA7A600259CB5 /* SvGifView */,
				2EB5D38B172BA7A600259CB5 /* Frameworks */,
				2EB5D38A172BA7A600259CB5 /* Products */,
			);
			sourceTree = "<group>";
		};
		2EB5D38A172BA7A600259CB5 /* Products */ = {
			isa = PBXGroup;
			children = (
				2EB5D389172BA7A600259CB5 /* libSvGifView.a */,
			);
			name = Products;
			sourceTree = "<group>";
		};
		2EB5D38B172BA7A600259CB5 /* Frameworks */ = {
			isa = PBXGroup;
			children = (
				2EB5D38C172BA7A600259CB5 /* Foundation.framework */,
			);
			name = Frameworks;
			sourceTree = "<group>";
		};
		2EB5D38E172BA7A600259CB5 /* SvGifView */ = {
			isa = PBXGroup;
			children = (
				2EB5D391172BA7A600259CB5 /* SvGifView.h */,
				2EB5D393172BA7A600259CB5 /* SvGifView.m */,
				2EB5D38F172BA7A600259CB5 /* Supporting Files */,
			);
			path = SvGifView;
			sourceTree = "<group>";
		};
		2EB5D38F172BA7A600259CB5 /* Supporting Files */ = {
			isa = PBXGroup;
			children = (
				2EB5D390172BA7A600259CB5 /* SvGifView-Prefix.pch */,
			);
			name = "Supporting Files";
			sourceTree = "<group>";
		};
/* End PBXGroup section */

/* Begin PBXNativeTarget section */
		2EB5D388172BA7A600259CB5 /* SvGifView */ = {
			isa = PBXNativeTarget;
			buildConfigurationList = 2EB5D397172BA7A600259CB5 /* Build configuration list for PBXNativeTarget "SvGifView" */;
			buildPhases = (
				2EB5D385172BA7A600259CB5 /* Sources */,
				2EB5D386172BA7A600259CB5 /* Frameworks */,
				2EB5D387172BA7A600259CB5 /* CopyFiles */,
			);
			buildRules = (
			);
			dependencies = (
			);
			name = SvGifView;
			productName = SvGifView;
			productReference = 2EB5D389172BA7A600259CB5 /* libSvGifView.a */;
			productType = "com.apple.product-type.library.static";
		};
/* End PBXNativeTarget section */

/* Begin PBXProject section */
		2EB5D380172BA7A600259CB5 /* Project object */ = {
			isa = PBXProject;
			attributes = {
				LastUpgradeCheck = 0800;
				ORGANIZATIONNAME = chenfei;
			};
			buildConfigurationList = 2EB5D383172BA7A600259CB5 /* Build configuration list for PBXProject "SvGifView" */;
			compatibilityVersion = "Xcode 3.2";
			developmentRegion = English;
			hasScannedForEncodings = 0;
			knownRegions = (
				en,
			);
			mainGroup = 2EB5D37E172BA7A600259CB5;
			productRefGroup = 2EB5D38A172BA7A600259CB5 /* Products */;
			projectDirPath = "";
			projectRoot = "";
			targets = (
				2EB5D388172BA7A600259CB5 /* SvGifView */,
			);
		};
/* End PBXProject section */

/* Begin PBXSourcesBuildPhase section */
		2EB5D385172BA7A600259CB5 /* Sources */ = {
			isa = PBXSourcesBuildPhase;
			buildActionMask = 2147483647;
			files = (
				2EB5D394172BA7A600259CB5 /* SvGifView.m in Sources */,
			);
			runOnlyForDeploymentPostprocessing = 0;
		};
/* End PBXSourcesBuildPhase section */

/* Begin XCBuildConfiguration section */
		2EB5D395172BA7A600259CB5 /* Debug */ = {
			isa = XCBuildConfiguration;
			buildSettings = {
				ALWAYS_SEARCH_USER_PATHS = NO;
				CLANG_CXX_LANGUAGE_STANDARD = "gnu++0x";
				CLANG_CXX_LIBRARY = "libc++";
				CLANG_WARN_BOOL_CONVERSION = YES;
				CLANG_WARN_CONSTANT_CONVERSION = YES;
				CLANG_WARN_EMPTY_BODY = YES;
				CLANG_WARN_ENUM_CONVERSION = YES;
				CLANG_WARN_INFINITE_RECURSION = YES;
				CLANG_WARN_INT_CONVERSION = YES;
				CLANG_WARN_SUSPICIOUS_MOVE = YES;
				CLANG_WARN_UNREACHABLE_CODE = YES;
				CLANG_WARN__DUPLICATE_METHOD_MATCH = YES;
				COPY_PHASE_STRIP = NO;
				ENABLE_STRICT_OBJC_MSGSEND = YES;
				ENABLE_TESTABILITY = YES;
				GCC_C_LANGUAGE_STANDARD = gnu99;
				GCC_DYNAMIC_NO_PIC = NO;
				GCC_NO_COMMON_BLOCKS = YES;
				GCC_OPTIMIZATION_LEVEL = 0;
				GCC_PREPROCESSOR_DEFINITIONS = (
					"DEBUG=1",
					"$(inherited)",
				);
				GCC_SYMBOLS_PRIVATE_EXTERN = NO;
				GCC_WARN_64_TO_32_BIT_CONVERSION = YES;
				GCC_WARN_ABOUT_RETURN_TYPE = YES;
				GCC_WARN_UNDECLARED_SELECTOR = YES;
				GCC_WARN_UNINITIALIZED_AUTOS = YES;
				GCC_WARN_UNUSED_FUNCTION = YES;
				GCC_WARN_UNUSED_VARIABLE = YES;
				IPHONEOS_DEPLOYMENT_TARGET = 8.0;
				ONLY_ACTIVE_ARCH = YES;
				SDKROOT = iphoneos;
			};
			name = Debug;
		};
		2EB5D396172BA7A600259CB5 /* Release */ = {
			isa = XCBuildConfiguration;
			buildSettings = {
				ALWAYS_SEARCH_USER_PATHS = NO;
				CLANG_CXX_LANGUAGE_STANDARD = "gnu++0x";
				CLANG_CXX_LIBRARY = "libc++";
				CLANG_WARN_BOOL_CONVERSION = YES;
				CLANG_WARN_CONSTANT_CONVERSION = YES;
				CLANG_WARN_EMPTY_BODY = YES;
				CLANG_WARN_ENUM_CONVERSION = YES;
				CLANG_WARN_INFINITE_RECURSION = YES;
				CLANG_WARN_INT_CONVERSION = YES;
				CLANG_WARN_SUSPICIOUS_MOVE = YES;
				CLANG_WARN_UNREACHABLE_CODE = YES;
				CLANG_WARN__DUPLICATE_METHOD_MATCH = YES;
				COPY_PHASE_STRIP = YES;
				ENABLE_STRICT_OBJC_MSGSEND = YES;
				GCC_C_LANGUAGE_STANDARD = gnu99;
				GCC_NO_COMMON_BLOCKS = YES;
				GCC_WARN_64_TO_32_BIT_CONVERSION = YES;
				GCC_WARN_ABOUT_RETURN_TYPE = YES;
				GCC_WARN_UNDECLARED_SELECTOR = YES;
				GCC_WARN_UNINITIALIZED_AUTOS = YES;
				GCC_WARN_UNUSED_FUNCTION = YES;
				GCC_WARN_UNUSED_VARIABLE = YES;
				IPHONEOS_DEPLOYMENT_TARGET = 8.0;
				SDKROOT = iphoneos;
				VALIDATE_PRODUCT = YES;
			};
			name = Release;
		};
		2EB5D398172BA7A600259CB5 /* Debug */ = {
			isa = XCBuildConfiguration;
			buildSettings = {
				DSTROOT = /tmp/SvGifView.dst;
				GCC_PRECOMPILE_PREFIX_HEADER = YES;
				GCC_PREFIX_HEADER = "SvGifView/SvGifView-Prefix.pch";
				OTHER_LDFLAGS = "-ObjC";
				PRODUCT_NAME = "$(TARGET_NAME)";
				SKIP_INSTALL = YES;
				VALID_ARCHS = "armv7 armv7s arm64";
			};
			name = Debug;
		};
		2EB5D399172BA7A600259CB5 /* Release */ = {
			isa = XCBuildConfiguration;
			buildSettings = {
				DSTROOT = /tmp/SvGifView.dst;
				GCC_PRECOMPILE_PREFIX_HEADER = YES;
				GCC_PREFIX_HEADER = "SvGifView/SvGifView-Prefix.pch";
				OTHER_LDFLAGS = "-ObjC";
				PRODUCT_NAME = "$(TARGET_NAME)";
				SKIP_INSTALL = YES;
				VALID_ARCHS = "armv7 armv7s arm64";
			};
			name = Release;
		};
		2EB7DD7B172D2ABA00995E21 /* Enterprise */ = {
			isa = XCBuildConfiguration;
			buildSettings = {
				ALWAYS_SEARCH_USER_PATHS = NO;
				CLANG_CXX_LANGUAGE_STANDARD = "gnu++0x";
				CLANG_CXX_LIBRARY = "libc++";
				CLANG_WARN_BOOL_CONVERSION = YES;
				CLANG_WARN_CONSTANT_CONVERSION = YES;
				CLANG_WARN_EMPTY_BODY = YES;
				CLANG_WARN_ENUM_CONVERSION = YES;
				CLANG_WARN_INFINITE_RECURSION = YES;
				CLANG_WARN_INT_CONVERSION = YES;
				CLANG_WARN_SUSPICIOUS_MOVE = YES;
				CLANG_WARN_UNREACHABLE_CODE = YES;
				CLANG_WARN__DUPLICATE_METHOD_MATCH = YES;
				COPY_PHASE_STRIP = YES;
				ENABLE_STRICT_OBJC_MSGSEND = YES;
				GCC_C_LANGUAGE_STANDARD = gnu99;
				GCC_NO_COMMON_BLOCKS = YES;
				GCC_WARN_64_TO_32_BIT_CONVERSION = YES;
				GCC_WARN_ABOUT_RETURN_TYPE = YES;
				GCC_WARN_UNDECLARED_SELECTOR = YES;
				GCC_WARN_UNINITIALIZED_AUTOS = YES;
				GCC_WARN_UNUSED_FUNCTION = YES;
				GCC_WARN_UNUSED_VARIABLE = YES;
				IPHONEOS_DEPLOYMENT_TARGET = 8.0;
				SDKROOT = iphoneos;
				VALIDATE_PRODUCT = YES;
			};
			name = Enterprise;
		};
		2EB7DD7C172D2ABA00995E21 /* Enterprise */ = {
			isa = XCBuildConfiguration;
			buildSettings = {
				DSTROOT = /tmp/SvGifView.dst;
				GCC_PRECOMPILE_PREFIX_HEADER = YES;
				GCC_PREFIX_HEADER = "SvGifView/SvGifView-Prefix.pch";
				OTHER_LDFLAGS = "-ObjC";
				PRODUCT_NAME = "$(TARGET_NAME)";
				SKIP_INSTALL = YES;
				VALID_ARCHS = "armv7 armv7s arm64";
			};
			name = Enterprise;
		};
/* End XCBuildConfiguration section */

/* Begin XCConfigurationList section */
		2EB5D383172BA7A600259CB5 /* Build configuration list for PBXProject "SvGifView" */ = {
			isa = XCConfigurationList;
			buildConfigurations = (
				2EB5D395172BA7A600259CB5 /* Debug */,
				2EB5D396172BA7A600259CB5 /* Release */,
				2EB7DD7B172D2ABA00995E21 /* Enterprise */,
			);
			defaultConfigurationIsVisible = 0;
			defaultConfigurationName = Release;
		};
		2EB5D397172BA7A600259CB5 /* Build configuration list for PBXNativeTarget "SvGifView" */ = {
			isa = XCConfigurationList;
			buildConfigurations = (
				2EB5D398172BA7A600259CB5 /* Debug */,
				2EB5D399172BA7A600259CB5 /* Release */,
				2EB7DD7C172D2ABA00995E21 /* Enterprise */,
			);
			defaultConfigurationIsVisible = 0;
			defaultConfigurationName = Release;
		};
/* End XCConfigurationList section */
	};
	rootObject = 2EB5D380172BA7A600259CB5 /* Project object */;
}
